
Microsoft Visual Studio Solution File, Format Version 12.00
# Visual Studio Version 17
VisualStudioVersion = 17.8.34330.188
MinimumVisualStudioVersion = 10.0.40219.1
Project("{FAE04EC0-301F-11D3-BF4B-00C04F79EFBC}") = "ts1", "ts1.csproj", "{C8662BD1-3634-4C5C-B1AB-0561FAA23EA9}"
EndProject
Global
	GlobalSection(SolutionConfigurationPlatforms) = preSolution
		Debug|Any CPU = Debug|Any CPU
		Release|Any CPU = Release|Any CPU
	EndGlobalSection
	GlobalSection(ProjectConfigurationPlatforms) = postSolution
		{C8662BD1-3634-4C5C-B1AB-0561FAA23EA9}.Debug|Any CPU.ActiveCfg = Debug|Any CPU
		{C8662BD1-3634-4C5C-B1AB-0561FAA23EA9}.Debug|Any CPU.Build.0 = Debug|Any CPU
		{C8662BD1-3634-4C5C-B1AB-0561FAA23EA9}.Release|Any CPU.ActiveCfg = Release|Any CPU
		{C8662BD1-3634-4C5C-B1AB-0561FAA23EA9}.Release|Any CPU.Build.0 = Release|Any CPU
	EndGlobalSection
	GlobalSection(SolutionProperties) = preSolution
		HideSolutionNode = FALSE
	EndGlobalSection
	GlobalSection(ExtensibilityGlobals) = postSolution
		SolutionGuid = {E80789F3-5918-4EE4-8B1E-2EC5F3D26FBB}
	EndGlobalSection
EndGlobal
